
Microsoft Visual Studio Solution File, Format Version 12.00
# Visual Studio Version 17
VisualStudioVersion = 17.6.33829.357
MinimumVisualStudioVersion = 10.0.40219.1
Project("{FAE04EC0-301F-11D3-BF4B-00C04F79EFBC}") = "BookSoreServer.WebApi", "BookSoreServer.WebApi\BookSoreServer.WebApi.csproj", "{DE0EFCCD-C47C-4680-BD8B-5345A7DD9CC1}"
EndProject
Global
	GlobalSection(SolutionConfigurationPlatforms) = preSolution
		Debug|Any CPU = Debug|Any CPU
		Release|Any CPU = Release|Any CPU
	EndGlobalSection
	GlobalSection(ProjectConfigurationPlatforms) = postSolution
		{DE0EFCCD-C47C-4680-BD8B-5345A7DD9CC1}.Debug|Any CPU.ActiveCfg = Debug|Any CPU
		{DE0EFCCD-C47C-4680-BD8B-5345A7DD9CC1}.Debug|Any CPU.Build.0 = Debug|Any CPU
		{DE0EFCCD-C47C-4680-BD8B-5345A7DD9CC1}.Release|Any CPU.ActiveCfg = Release|Any CPU
		{DE0EFCCD-C47C-4680-BD8B-5345A7DD9CC1}.Release|Any CPU.Build.0 = Release|Any CPU
	EndGlobalSection
	GlobalSection(SolutionProperties) = preSolution
		HideSolutionNode = FALSE
	EndGlobalSection
	GlobalSection(ExtensibilityGlobals) = postSolution
		SolutionGuid = {1F28ACAE-9EA7-46E5-81F0-097B530DF428}
	EndGlobalSection
EndGlobal
